{
  "name": "ic8.lemonjs.org",
  "requires": true,
  "lockfileVersion": 1,
  "dependencies": {
    "lemonjs-i8c": {
      "version": "1.2.2",
      "resolved": "https://registry.npmjs.org/lemonjs-i8c/-/lemonjs-i8c-1.2.2.tgz",
      "integrity": "sha512-8AdfVUavx1uK5QhGD7d7O+UIy+974Pct1L8alvE/EPt5RMh/P7DXv4AACbtp8DXS11Bu7UFY5W1Y9vkF8+0i9g=="
    },
    "lemonjs-lui": {
      "version": "file:../../lemonjs-lui"
    }
  }
}
